{
  "name": "keep-mounted",
  "version": "1.0.0",
  "lockfileVersion": 1,
  "requires": true,
  "dependencies": {
    "dequal": {
      "version": "1.0.0",
      "resolved": "https://registry.npmjs.org/dequal/-/dequal-1.0.0.tgz",
      "integrity": "sha512-/Nd1EQbQbI9UbSHrMiKZjFLrXSnU328iQdZKPQf78XQI6C+gutkFUeoHpG5J08Ioa6HeRbRNFpSIclh1xyG0mw=="
    }
  }
}
